
Microsoft Visual Studio Solution File, Format Version 12.00
# Visual Studio 14
VisualStudioVersion = 14.0.25420.1
MinimumVisualStudioVersion = 10.0.40219.1
Project("{FAE04EC0-301F-11D3-BF4B-00C04F79EFBC}") = "Quadrature_AM_detector", "Quadrature_AM_detector\Quadrature_AM_detector.csproj", "{959F90A0-B231-43CB-97B6-AE921A7B5686}"
EndProject
Project("{FAE04EC0-301F-11D3-BF4B-00C04F79EFBC}") = "Interface", "Interface\Interface.csproj", "{DCE50944-9241-4F8E-B23D-8FBC731E2F7C}"
EndProject
Global
	GlobalSection(SolutionConfigurationPlatforms) = preSolution
		Debug|Any CPU = Debug|Any CPU
		Debug|x64 = Debug|x64
		Release|Any CPU = Release|Any CPU
		Release|x64 = Release|x64
	EndGlobalSection
	GlobalSection(ProjectConfigurationPlatforms) = postSolution
		{959F90A0-B231-43CB-97B6-AE921A7B5686}.Debug|Any CPU.ActiveCfg = Debug|Any CPU
		{959F90A0-B231-43CB-97B6-AE921A7B5686}.Debug|Any CPU.Build.0 = Debug|Any CPU
		{959F90A0-B231-43CB-97B6-AE921A7B5686}.Debug|x64.ActiveCfg = Debug|x64
		{959F90A0-B231-43CB-97B6-AE921A7B5686}.Debug|x64.Build.0 = Debug|x64
		{959F90A0-B231-43CB-97B6-AE921A7B5686}.Release|Any CPU.ActiveCfg = Release|Any CPU
		{959F90A0-B231-43CB-97B6-AE921A7B5686}.Release|Any CPU.Build.0 = Release|Any CPU
		{959F90A0-B231-43CB-97B6-AE921A7B5686}.Release|x64.ActiveCfg = Release|x64
		{959F90A0-B231-43CB-97B6-AE921A7B5686}.Release|x64.Build.0 = Release|x64
		{DCE50944-9241-4F8E-B23D-8FBC731E2F7C}.Debug|Any CPU.ActiveCfg = Debug|Any CPU
		{DCE50944-9241-4F8E-B23D-8FBC731E2F7C}.Debug|Any CPU.Build.0 = Debug|Any CPU
		{DCE50944-9241-4F8E-B23D-8FBC731E2F7C}.Debug|x64.ActiveCfg = Debug|Any CPU
		{DCE50944-9241-4F8E-B23D-8FBC731E2F7C}.Debug|x64.Build.0 = Debug|Any CPU
		{DCE50944-9241-4F8E-B23D-8FBC731E2F7C}.Release|Any CPU.ActiveCfg = Release|Any CPU
		{DCE50944-9241-4F8E-B23D-8FBC731E2F7C}.Release|Any CPU.Build.0 = Release|Any CPU
		{DCE50944-9241-4F8E-B23D-8FBC731E2F7C}.Release|x64.ActiveCfg = Release|Any CPU
		{DCE50944-9241-4F8E-B23D-8FBC731E2F7C}.Release|x64.Build.0 = Release|Any CPU
	EndGlobalSection
	GlobalSection(SolutionProperties) = preSolution
		HideSolutionNode = FALSE
	EndGlobalSection
EndGlobal
